{
  "nodes": {
    "dank-qml-common": {
      "flake": false,
      "locked": {
        "lastModified": 1790956339,
        "narHash": "sha256-NxZipAzWqaXTFfa1BL+huPgdIydzdrE9hyk/WKuIXOg=",
        "owner": "AvengeMedia",
        "repo": "dank-qml-common",
        "rev": "16c01d7c8f55a98552abdb48105724720c19007b",
        "type": "github"
      },
      "original": {
        "owner": "AvengeMedia",
        "repo": "dank-qml-common",
        "type": "github"
      }
    },
    "flake-compat": {
      "flake": false,
      "locked": {
        "lastModified": 1767039857,
        "narHash": "sha256-vNpUSpF5Nuw8xvDLj2KCwwksIbjua2LZCqhV1LNRDns=",
        "owner": "NixOS",
        "repo": "flake-compat",
        "rev": "5edf11c44bc78a0d334f6334cdaf7d60d732daab",
        "type": "github"
      },
      "original": {
        "owner": "NixOS",
        "repo": "flake-compat",
        "type": "github"
      }
    },
    "nixpkgs": {
      "locked": {
        "lastModified": 1787135253,
        "narHash": "sha256-RD2kNWCG+Bjo6h+JVjWVNntZs2GtRoeY2xHjts/FNkA=",
        "owner": "nixos",
        "repo": "nixpkgs",
        "rev": "ffb3c9b700e759be2ef13237c9d8f953b32a1e46",
        "type": "github"
      },
      "original": {
        "owner": "nixos",
        "ref": "nixos-unstable",
        "repo": "nixpkgs",
        "type": "github"
      }
    },
    "root": {
      "inputs": {
        "dank-qml-common": "dank-qml-common",
        "flake-compat": "flake-compat",
        "nixpkgs": "nixpkgs"
      }
    }
  },
  "root": "root",
  "version": 7
}
